<?xml version="1.0" encoding="UTF-8"?>
<Scheme
   LastUpgradeVersion = "0720"
   version = "2.0">
   <BuildAction
      parallelizeBuildables = "YES"
      buildImplicitDependencies = "YES">
      <BuildActionEntries>
         <BuildActionEntry
            buildForTesting = "YES"
            buildForRunning = "YES"
            buildForProfiling = "YES"
            buildForArchiving = "YES"
            buildForAnalyzing = "YES">
            <BuildableReference
               BuildableIdentifier = "primary"
               BlueprintIdentifier = "F5694AC51C3FEB6000FC1E2B"
               BuildableName = "FreeTec 2016 WatchKit 1 App.app"
               BlueprintName = "FreeTec 2016 WatchKit 1 App"
               ReferencedContainer = "container:FreeTec.xcodeproj">
            </BuildableReference>
         </BuildActionEntry>
         <BuildActionEntry
            buildForTesting = "YES"
            buildForRunning = "YES"
            buildForProfiling = "YES"
            buildForArchiving = "YES"
            buildForAnalyzing = "YES">
            <BuildableReference
               BuildableIdentifier = "primary"
               BlueprintIdentifier = "F5694AB61C3FEB6000FC1E2B"
               BuildableName = "FreeTec 2016 WatchKit 1 Extension.appex"
               BlueprintName = "FreeTec 2016 WatchKit 1 Extension"
               ReferencedContainer = "container:FreeTec.xcodeproj">
            </BuildableReference>
         </BuildActionEntry>
         <BuildActionEntry
            buildForTesting = "YES"
            buildForRunning = "YES"
            buildForProfiling = "YES"
            buildForArchiving = "YES"
            buildForAnalyzing = "YES">
            <BuildableReference
               BuildableIdentifier = "primary"
               BlueprintIdentifier = "F5169F4B1C24C417000D2260"
               BuildableName = "FreeTec.app"
               BlueprintName = "FreeTec"
               ReferencedContainer = "container:FreeTec.xcodeproj">
            </BuildableReference>
         </BuildActionEntry>
      </BuildActionEntries>
   </BuildAction>
   <TestAction
      buildConfiguration = "Debug"
      selectedDebuggerIdentifier = "Xcode.DebuggerFoundation.Debugger.LLDB"
      selectedLauncherIdentifier = "Xcode.DebuggerFoundation.Launcher.LLDB"
      shouldUseLaunchSchemeArgsEnv = "YES">
      <Testables>
      </Testables>
      <MacroExpansion>
         <BuildableReference
            BuildableIdentifier = "primary"
            BlueprintIdentifier = "F5694AC51C3FEB6000FC1E2B"
            BuildableName = "FreeTec 2016 WatchKit 1 App.app"
            BlueprintName = "FreeTec 2016 WatchKit 1 App"
            ReferencedContainer = "container:FreeTec.xcodeproj">
         </BuildableReference>
      </MacroExpansion>
      <AdditionalOptions>
      </AdditionalOptions>
   </TestAction>
   <LaunchAction
      buildConfiguration = "Debug"
      selectedDebuggerIdentifier = "Xcode.DebuggerFoundation.Debugger.LLDB"
      selectedLauncherIdentifier = "Xcode.DebuggerFoundation.Launcher.LLDB"
      launchStyle = "0"
      useCustomWorkingDirectory = "NO"
      ignoresPersistentStateOnLaunch = "NO"
      debugDocumentVersioning = "YES"
      debugServiceExtension = "internal"
      allowLocationSimulation = "YES"
      launchAutomaticallySubstyle = "8"
      notificationPayloadFile = "FreeTec 2016 WatchKit 1 Extension/PushNotificationPayload.apns">
      <RemoteRunnable
         runnableDebuggingMode = "2"
         BundleIdentifier = "com.apple.carousel"
         RemotePath = "/FreeTec 2016">
         <BuildableReference
            BuildableIdentifier = "primary"
            BlueprintIdentifier = "F5694AC51C3FEB6000FC1E2B"
            BuildableName = "FreeTec 2016 WatchKit 1 App.app"
            BlueprintName = "FreeTec 2016 WatchKit 1 App"
            ReferencedContainer = "container:FreeTec.xcodeproj">
         </BuildableReference>
      </RemoteRunnable>
      <MacroExpansion>
         <BuildableReference
            BuildableIdentifier = "primary"
            BlueprintIdentifier = "F5694AC51C3FEB6000FC1E2B"
            BuildableName = "FreeTec 2016 WatchKit 1 App.app"
            BlueprintName = "FreeTec 2016 WatchKit 1 App"
            ReferencedContainer = "container:FreeTec.xcodeproj">
         </BuildableReference>
      </MacroExpansion>
      <AdditionalOptions>
      </AdditionalOptions>
   </LaunchAction>
   <ProfileAction
      buildConfiguration = "Release"
      shouldUseLaunchSchemeArgsEnv = "YES"
      savedToolIdentifier = ""
      useCustomWorkingDirectory = "NO"
      debugDocumentVersioning = "YES"
      launchAutomaticallySubstyle = "8"
      notificationPayloadFile = "FreeTec 2016 WatchKit 1 Extension/PushNotificationPayload.apns">
      <RemoteRunnable
         runnableDebuggingMode = "2"
         BundleIdentifier = "com.apple.carousel"
         RemotePath = "/FreeTec 2016">
         <BuildableReference
            BuildableIdentifier = "primary"
            BlueprintIdentifier = "F5694AC51C3FEB6000FC1E2B"
            BuildableName = "FreeTec 2016 WatchKit 1 App.app"
            BlueprintName = "FreeTec 2016 WatchKit 1 App"
            ReferencedContainer = "container:FreeTec.xcodeproj">
         </BuildableReference>
      </RemoteRunnable>
      <MacroExpansion>
         <BuildableReference
            BuildableIdentifier = "primary"
            BlueprintIdentifier = "F5694AC51C3FEB6000FC1E2B"
            BuildableName = "FreeTec 2016 WatchKit 1 App.app"
            BlueprintName = "FreeTec 2016 WatchKit 1 App"
            ReferencedContainer = "container:FreeTec.xcodeproj">
         </BuildableReference>
      </MacroExpansion>
   </ProfileAction>
   <AnalyzeAction
      buildConfiguration = "Debug">
   </AnalyzeAction>
   <ArchiveAction
      buildConfiguration = "Release"
      revealArchiveInOrganizer = "YES">
   </ArchiveAction>
</Scheme>
